
Microsoft Visual Studio Solution File, Format Version 12.00
# Visual Studio Express 2012 for Windows Phone
Project("{FAE04EC0-301F-11D3-BF4B-00C04F79EFBC}") = "wprestaurantapp_WP75", "wprestaurantapp_WP75\wprestaurantapp_WP75.csproj", "{B1F82E38-E102-4E77-89E5-FDE2CEC094F5}"
EndProject
Project("{FAE04EC0-301F-11D3-BF4B-00C04F79EFBC}") = "wprestaurantapp_WP8", "wprestaurantapp_WP8\wprestaurantapp_WP8.csproj", "{E63DEA7C-7A19-4E5E-9853-6BF1E75C846A}"
EndProject
Global
	GlobalSection(SolutionConfigurationPlatforms) = preSolution
		Debug|Any CPU = Debug|Any CPU
		Debug|ARM = Debug|ARM
		Debug|x86 = Debug|x86
		Release|Any CPU = Release|Any CPU
		Release|ARM = Release|ARM
		Release|x86 = Release|x86
	EndGlobalSection
	GlobalSection(ProjectConfigurationPlatforms) = postSolution
		{B1F82E38-E102-4E77-89E5-FDE2CEC094F5}.Debug|Any CPU.ActiveCfg = Debug|Any CPU
		{B1F82E38-E102-4E77-89E5-FDE2CEC094F5}.Debug|Any CPU.Build.0 = Debug|Any CPU
		{B1F82E38-E102-4E77-89E5-FDE2CEC094F5}.Debug|Any CPU.Deploy.0 = Debug|Any CPU
		{B1F82E38-E102-4E77-89E5-FDE2CEC094F5}.Debug|ARM.ActiveCfg = Debug|Any CPU
		{B1F82E38-E102-4E77-89E5-FDE2CEC094F5}.Debug|x86.ActiveCfg = Debug|Any CPU
		{B1F82E38-E102-4E77-89E5-FDE2CEC094F5}.Release|Any CPU.ActiveCfg = Release|Any CPU
		{B1F82E38-E102-4E77-89E5-FDE2CEC094F5}.Release|Any CPU.Build.0 = Release|Any CPU
		{B1F82E38-E102-4E77-89E5-FDE2CEC094F5}.Release|Any CPU.Deploy.0 = Release|Any CPU
		{B1F82E38-E102-4E77-89E5-FDE2CEC094F5}.Release|ARM.ActiveCfg = Release|Any CPU
		{B1F82E38-E102-4E77-89E5-FDE2CEC094F5}.Release|x86.ActiveCfg = Release|Any CPU
		{E63DEA7C-7A19-4E5E-9853-6BF1E75C846A}.Debug|Any CPU.ActiveCfg = Debug|Any CPU
		{E63DEA7C-7A19-4E5E-9853-6BF1E75C846A}.Debug|Any CPU.Build.0 = Debug|Any CPU
		{E63DEA7C-7A19-4E5E-9853-6BF1E75C846A}.Debug|Any CPU.Deploy.0 = Debug|Any CPU
		{E63DEA7C-7A19-4E5E-9853-6BF1E75C846A}.Debug|ARM.ActiveCfg = Debug|ARM
		{E63DEA7C-7A19-4E5E-9853-6BF1E75C846A}.Debug|ARM.Build.0 = Debug|ARM
		{E63DEA7C-7A19-4E5E-9853-6BF1E75C846A}.Debug|ARM.Deploy.0 = Debug|ARM
		{E63DEA7C-7A19-4E5E-9853-6BF1E75C846A}.Debug|x86.ActiveCfg = Debug|x86
		{E63DEA7C-7A19-4E5E-9853-6BF1E75C846A}.Debug|x86.Build.0 = Debug|x86
		{E63DEA7C-7A19-4E5E-9853-6BF1E75C846A}.Debug|x86.Deploy.0 = Debug|x86
		{E63DEA7C-7A19-4E5E-9853-6BF1E75C846A}.Release|Any CPU.ActiveCfg = Release|Any CPU
		{E63DEA7C-7A19-4E5E-9853-6BF1E75C846A}.Release|Any CPU.Build.0 = Release|Any CPU
		{E63DEA7C-7A19-4E5E-9853-6BF1E75C846A}.Release|Any CPU.Deploy.0 = Release|Any CPU
		{E63DEA7C-7A19-4E5E-9853-6BF1E75C846A}.Release|ARM.ActiveCfg = Release|ARM
		{E63DEA7C-7A19-4E5E-9853-6BF1E75C846A}.Release|ARM.Build.0 = Release|ARM
		{E63DEA7C-7A19-4E5E-9853-6BF1E75C846A}.Release|ARM.Deploy.0 = Release|ARM
		{E63DEA7C-7A19-4E5E-9853-6BF1E75C846A}.Release|x86.ActiveCfg = Release|x86
		{E63DEA7C-7A19-4E5E-9853-6BF1E75C846A}.Release|x86.Build.0 = Release|x86
		{E63DEA7C-7A19-4E5E-9853-6BF1E75C846A}.Release|x86.Deploy.0 = Release|x86
	EndGlobalSection
	GlobalSection(SolutionProperties) = preSolution
		HideSolutionNode = FALSE
	EndGlobalSection
EndGlobal
